
Microsoft Visual Studio Solution File, Format Version 12.00
# Visual Studio Version 16
VisualStudioVersion = 16.0.31105.61
MinimumVisualStudioVersion = 10.0.40219.1
Project("{C7167F0D-BC9F-4E6E-AFE1-012C56B48DB5}") = "FakePOSwinui (Package)", "FakePOS\FakePOSwinui (Package)\FakePOSwinui (Package).wapproj", "{E881120C-79A7-4298-BFB0-9CD2AD891D56}"
EndProject
Project("{9A19103F-16F7-4668-BE54-9A1E7A4F7556}") = "FakePOSwinui", "FakePOS\FakePOSwinui\FakePOSwinui.csproj", "{5862C93F-A97C-494F-AFB1-5D8AE958F54A}"
EndProject
Project("{9A19103F-16F7-4668-BE54-9A1E7A4F7556}") = "FakePOS.Services", "FakePOS\FakePOS.Services\FakePOS.Services.csproj", "{6EC816CA-6506-4C2F-9375-2A39F0355D79}"
EndProject
Project("{9A19103F-16F7-4668-BE54-9A1E7A4F7556}") = "FakePOS.Models", "FakePOS\FakePOS.Models\FakePOS.Models.csproj", "{0937100F-7E80-4EE4-B5B2-AAED5C08ADD6}"
EndProject
Project("{9A19103F-16F7-4668-BE54-9A1E7A4F7556}") = "FakePOS.ViewModels", "FakePOS\FakePOS.ViewModels\FakePOS.ViewModels.csproj", "{176822F9-61A9-4960-8128-78F24F6F060A}"
EndProject
Project("{FAE04EC0-301F-11D3-BF4B-00C04F79EFBC}") = "FakePOS.Uwp.Services", "FakePOS\FakePOS.Uwp.Services\FakePOS.Uwp.Services.csproj", "{BE9513B6-786D-4131-B522-087111776C28}"
EndProject
Project("{9A19103F-16F7-4668-BE54-9A1E7A4F7556}") = "FakePOS.WinUI.Services", "FakePOS\FakePOS.WinUI.Services\FakePOS.WinUI.Services.csproj", "{187D6155-5B25-416B-B84D-C02D30551566}"
EndProject
Project("{FAE04EC0-301F-11D3-BF4B-00C04F79EFBC}") = "FakePOSuwp", "FakePOS\FakePOSuwp\FakePOSuwp.csproj", "{1DBC888B-89B5-41B8-96A1-C23205674EC0}"
EndProject
Project("{2150E333-8FDC-42A3-9474-1A3956D46DE8}") = "GitHub", "GitHub", "{881B349C-345E-40DE-BFF1-0BD83F0B17D9}"
	ProjectSection(SolutionItems) = preProject
		README.md = README.md
	EndProjectSection
EndProject
Global
	GlobalSection(SolutionConfigurationPlatforms) = preSolution
		Debug|Any CPU = Debug|Any CPU
		Debug|ARM = Debug|ARM
		Debug|arm64 = Debug|arm64
		Debug|x64 = Debug|x64
		Debug|x86 = Debug|x86
		Release|Any CPU = Release|Any CPU
		Release|ARM = Release|ARM
		Release|arm64 = Release|arm64
		Release|x64 = Release|x64
		Release|x86 = Release|x86
	EndGlobalSection
	GlobalSection(ProjectConfigurationPlatforms) = postSolution
		{E881120C-79A7-4298-BFB0-9CD2AD891D56}.Debug|Any CPU.ActiveCfg = Debug|x86
		{E881120C-79A7-4298-BFB0-9CD2AD891D56}.Debug|ARM.ActiveCfg = Debug|x86
		{E881120C-79A7-4298-BFB0-9CD2AD891D56}.Debug|arm64.ActiveCfg = Debug|arm64
		{E881120C-79A7-4298-BFB0-9CD2AD891D56}.Debug|arm64.Build.0 = Debug|arm64
		{E881120C-79A7-4298-BFB0-9CD2AD891D56}.Debug|arm64.Deploy.0 = Debug|arm64
		{E881120C-79A7-4298-BFB0-9CD2AD891D56}.Debug|x64.ActiveCfg = Debug|x64
		{E881120C-79A7-4298-BFB0-9CD2AD891D56}.Debug|x64.Build.0 = Debug|x64
		{E881120C-79A7-4298-BFB0-9CD2AD891D56}.Debug|x64.Deploy.0 = Debug|x64
		{E881120C-79A7-4298-BFB0-9CD2AD891D56}.Debug|x86.ActiveCfg = Debug|x86
		{E881120C-79A7-4298-BFB0-9CD2AD891D56}.Debug|x86.Build.0 = Debug|x86
		{E881120C-79A7-4298-BFB0-9CD2AD891D56}.Debug|x86.Deploy.0 = Debug|x86
		{E881120C-79A7-4298-BFB0-9CD2AD891D56}.Release|Any CPU.ActiveCfg = Release|x86
		{E881120C-79A7-4298-BFB0-9CD2AD891D56}.Release|ARM.ActiveCfg = Release|x86
		{E881120C-79A7-4298-BFB0-9CD2AD891D56}.Release|arm64.ActiveCfg = Release|arm64
		{E881120C-79A7-4298-BFB0-9CD2AD891D56}.Release|arm64.Build.0 = Release|arm64
		{E881120C-79A7-4298-BFB0-9CD2AD891D56}.Release|arm64.Deploy.0 = Release|arm64
		{E881120C-79A7-4298-BFB0-9CD2AD891D56}.Release|x64.ActiveCfg = Release|x64
		{E881120C-79A7-4298-BFB0-9CD2AD891D56}.Release|x64.Build.0 = Release|x64
		{E881120C-79A7-4298-BFB0-9CD2AD891D56}.Release|x64.Deploy.0 = Release|x64
		{E881120C-79A7-4298-BFB0-9CD2AD891D56}.Release|x86.ActiveCfg = Release|x86
		{E881120C-79A7-4298-BFB0-9CD2AD891D56}.Release|x86.Build.0 = Release|x86
		{E881120C-79A7-4298-BFB0-9CD2AD891D56}.Release|x86.Deploy.0 = Release|x86
		{5862C93F-A97C-494F-AFB1-5D8AE958F54A}.Debug|Any CPU.ActiveCfg = Debug|x86
		{5862C93F-A97C-494F-AFB1-5D8AE958F54A}.Debug|ARM.ActiveCfg = Debug|x86
		{5862C93F-A97C-494F-AFB1-5D8AE958F54A}.Debug|arm64.ActiveCfg = Debug|arm64
		{5862C93F-A97C-494F-AFB1-5D8AE958F54A}.Debug|arm64.Build.0 = Debug|arm64
		{5862C93F-A97C-494F-AFB1-5D8AE958F54A}.Debug|x64.ActiveCfg = Debug|x64
		{5862C93F-A97C-494F-AFB1-5D8AE958F54A}.Debug|x64.Build.0 = Debug|x64
		{5862C93F-A97C-494F-AFB1-5D8AE958F54A}.Debug|x86.ActiveCfg = Debug|x86
		{5862C93F-A97C-494F-AFB1-5D8AE958F54A}.Debug|x86.Build.0 = Debug|x86
		{5862C93F-A97C-494F-AFB1-5D8AE958F54A}.Release|Any CPU.ActiveCfg = Release|x86
		{5862C93F-A97C-494F-AFB1-5D8AE958F54A}.Release|ARM.ActiveCfg = Release|x86
		{5862C93F-A97C-494F-AFB1-5D8AE958F54A}.Release|arm64.ActiveCfg = Release|arm64
		{5862C93F-A97C-494F-AFB1-5D8AE958F54A}.Release|arm64.Build.0 = Release|arm64
		{5862C93F-A97C-494F-AFB1-5D8AE958F54A}.Release|x64.ActiveCfg = Release|x64
		{5862C93F-A97C-494F-AFB1-5D8AE958F54A}.Release|x64.Build.0 = Release|x64
		{5862C93F-A97C-494F-AFB1-5D8AE958F54A}.Release|x86.ActiveCfg = Release|x86
		{5862C93F-A97C-494F-AFB1-5D8AE958F54A}.Release|x86.Build.0 = Release|x86
		{6EC816CA-6506-4C2F-9375-2A39F0355D79}.Debug|Any CPU.ActiveCfg = Debug|Any CPU
		{6EC816CA-6506-4C2F-9375-2A39F0355D79}.Debug|Any CPU.Build.0 = Debug|Any CPU
		{6EC816CA-6506-4C2F-9375-2A39F0355D79}.Debug|ARM.ActiveCfg = Debug|Any CPU
		{6EC816CA-6506-4C2F-9375-2A39F0355D79}.Debug|ARM.Build.0 = Debug|Any CPU
		{6EC816CA-6506-4C2F-9375-2A39F0355D79}.Debug|arm64.ActiveCfg = Debug|Any CPU
		{6EC816CA-6506-4C2F-9375-2A39F0355D79}.Debug|arm64.Build.0 = Debug|Any CPU
		{6EC816CA-6506-4C2F-9375-2A39F0355D79}.Debug|x64.ActiveCfg = Debug|Any CPU
		{6EC816CA-6506-4C2F-9375-2A39F0355D79}.Debug|x64.Build.0 = Debug|Any CPU
		{6EC816CA-6506-4C2F-9375-2A39F0355D79}.Debug|x86.ActiveCfg = Debug|Any CPU
		{6EC816CA-6506-4C2F-9375-2A39F0355D79}.Debug|x86.Build.0 = Debug|Any CPU
		{6EC816CA-6506-4C2F-9375-2A39F0355D79}.Release|Any CPU.ActiveCfg = Release|Any CPU
		{6EC816CA-6506-4C2F-9375-2A39F0355D79}.Release|Any CPU.Build.0 = Release|Any CPU
		{6EC816CA-6506-4C2F-9375-2A39F0355D79}.Release|ARM.ActiveCfg = Release|Any CPU
		{6EC816CA-6506-4C2F-9375-2A39F0355D79}.Release|ARM.Build.0 = Release|Any CPU
		{6EC816CA-6506-4C2F-9375-2A39F0355D79}.Release|arm64.ActiveCfg = Release|Any CPU
		{6EC816CA-6506-4C2F-9375-2A39F0355D79}.Release|arm64.Build.0 = Release|Any CPU
		{6EC816CA-6506-4C2F-9375-2A39F0355D79}.Release|x64.ActiveCfg = Release|Any CPU
		{6EC816CA-6506-4C2F-9375-2A39F0355D79}.Release|x64.Build.0 = Release|Any CPU
		{6EC816CA-6506-4C2F-9375-2A39F0355D79}.Release|x86.ActiveCfg = Release|Any CPU
		{6EC816CA-6506-4C2F-9375-2A39F0355D79}.Release|x86.Build.0 = Release|Any CPU
		{0937100F-7E80-4EE4-B5B2-AAED5C08ADD6}.Debug|Any CPU.ActiveCfg = Debug|Any CPU
		{0937100F-7E80-4EE4-B5B2-AAED5C08ADD6}.Debug|Any CPU.Build.0 = Debug|Any CPU
		{0937100F-7E80-4EE4-B5B2-AAED5C08ADD6}.Debug|ARM.ActiveCfg = Debug|Any CPU
		{0937100F-7E80-4EE4-B5B2-AAED5C08ADD6}.Debug|ARM.Build.0 = Debug|Any CPU
		{0937100F-7E80-4EE4-B5B2-AAED5C08ADD6}.Debug|arm64.ActiveCfg = Debug|Any CPU
		{0937100F-7E80-4EE4-B5B2-AAED5C08ADD6}.Debug|arm64.Build.0 = Debug|Any CPU
		{0937100F-7E80-4EE4-B5B2-AAED5C08ADD6}.Debug|x64.ActiveCfg = Debug|Any CPU
		{0937100F-7E80-4EE4-B5B2-AAED5C08ADD6}.Debug|x64.Build.0 = Debug|Any CPU
		{0937100F-7E80-4EE4-B5B2-AAED5C08ADD6}.Debug|x86.ActiveCfg = Debug|Any CPU
		{0937100F-7E80-4EE4-B5B2-AAED5C08ADD6}.Debug|x86.Build.0 = Debug|Any CPU
		{0937100F-7E80-4EE4-B5B2-AAED5C08ADD6}.Release|Any CPU.ActiveCfg = Release|Any CPU
		{0937100F-7E80-4EE4-B5B2-AAED5C08ADD6}.Release|Any CPU.Build.0 = Release|Any CPU
		{0937100F-7E80-4EE4-B5B2-AAED5C08ADD6}.Release|ARM.ActiveCfg = Release|Any CPU
		{0937100F-7E80-4EE4-B5B2-AAED5C08ADD6}.Release|ARM.Build.0 = Release|Any CPU
		{0937100F-7E80-4EE4-B5B2-AAED5C08ADD6}.Release|arm64.ActiveCfg = Release|Any CPU
		{0937100F-7E80-4EE4-B5B2-AAED5C08ADD6}.Release|arm64.Build.0 = Release|Any CPU
		{0937100F-7E80-4EE4-B5B2-AAED5C08ADD6}.Release|x64.ActiveCfg = Release|Any CPU
		{0937100F-7E80-4EE4-B5B2-AAED5C08ADD6}.Release|x64.Build.0 = Release|Any CPU
		{0937100F-7E80-4EE4-B5B2-AAED5C08ADD6}.Release|x86.ActiveCfg = Release|Any CPU
		{0937100F-7E80-4EE4-B5B2-AAED5C08ADD6}.Release|x86.Build.0 = Release|Any CPU
		{176822F9-61A9-4960-8128-78F24F6F060A}.Debug|Any CPU.ActiveCfg = Debug|Any CPU
		{176822F9-61A9-4960-8128-78F24F6F060A}.Debug|Any CPU.Build.0 = Debug|Any CPU
		{176822F9-61A9-4960-8128-78F24F6F060A}.Debug|ARM.ActiveCfg = Debug|Any CPU
		{176822F9-61A9-4960-8128-78F24F6F060A}.Debug|ARM.Build.0 = Debug|Any CPU
		{176822F9-61A9-4960-8128-78F24F6F060A}.Debug|arm64.ActiveCfg = Debug|Any CPU
		{176822F9-61A9-4960-8128-78F24F6F060A}.Debug|arm64.Build.0 = Debug|Any CPU
		{176822F9-61A9-4960-8128-78F24F6F060A}.Debug|x64.ActiveCfg = Debug|Any CPU
		{176822F9-61A9-4960-8128-78F24F6F060A}.Debug|x64.Build.0 = Debug|Any CPU
		{176822F9-61A9-4960-8128-78F24F6F060A}.Debug|x86.ActiveCfg = Debug|Any CPU
		{176822F9-61A9-4960-8128-78F24F6F060A}.Debug|x86.Build.0 = Debug|Any CPU
		{176822F9-61A9-4960-8128-78F24F6F060A}.Release|Any CPU.ActiveCfg = Release|Any CPU
		{176822F9-61A9-4960-8128-78F24F6F060A}.Release|Any CPU.Build.0 = Release|Any CPU
		{176822F9-61A9-4960-8128-78F24F6F060A}.Release|ARM.ActiveCfg = Release|Any CPU
		{176822F9-61A9-4960-8128-78F24F6F060A}.Release|ARM.Build.0 = Release|Any CPU
		{176822F9-61A9-4960-8128-78F24F6F060A}.Release|arm64.ActiveCfg = Release|Any CPU
		{176822F9-61A9-4960-8128-78F24F6F060A}.Release|arm64.Build.0 = Release|Any CPU
		{176822F9-61A9-4960-8128-78F24F6F060A}.Release|x64.ActiveCfg = Release|Any CPU
		{176822F9-61A9-4960-8128-78F24F6F060A}.Release|x64.Build.0 = Release|Any CPU
		{176822F9-61A9-4960-8128-78F24F6F060A}.Release|x86.ActiveCfg = Release|Any CPU
		{176822F9-61A9-4960-8128-78F24F6F060A}.Release|x86.Build.0 = Release|Any CPU
		{BE9513B6-786D-4131-B522-087111776C28}.Debug|Any CPU.ActiveCfg = Debug|Any CPU
		{BE9513B6-786D-4131-B522-087111776C28}.Debug|Any CPU.Build.0 = Debug|Any CPU
		{BE9513B6-786D-4131-B522-087111776C28}.Debug|ARM.ActiveCfg = Debug|ARM
		{BE9513B6-786D-4131-B522-087111776C28}.Debug|ARM.Build.0 = Debug|ARM
		{BE9513B6-786D-4131-B522-087111776C28}.Debug|arm64.ActiveCfg = Debug|ARM64
		{BE9513B6-786D-4131-B522-087111776C28}.Debug|arm64.Build.0 = Debug|ARM64
		{BE9513B6-786D-4131-B522-087111776C28}.Debug|x64.ActiveCfg = Debug|x64
		{BE9513B6-786D-4131-B522-087111776C28}.Debug|x64.Build.0 = Debug|x64
		{BE9513B6-786D-4131-B522-087111776C28}.Debug|x86.ActiveCfg = Debug|x86
		{BE9513B6-786D-4131-B522-087111776C28}.Debug|x86.Build.0 = Debug|x86
		{BE9513B6-786D-4131-B522-087111776C28}.Release|Any CPU.ActiveCfg = Release|Any CPU
		{BE9513B6-786D-4131-B522-087111776C28}.Release|Any CPU.Build.0 = Release|Any CPU
		{BE9513B6-786D-4131-B522-087111776C28}.Release|ARM.ActiveCfg = Release|ARM
		{BE9513B6-786D-4131-B522-087111776C28}.Release|ARM.Build.0 = Release|ARM
		{BE9513B6-786D-4131-B522-087111776C28}.Release|arm64.ActiveCfg = Release|ARM64
		{BE9513B6-786D-4131-B522-087111776C28}.Release|arm64.Build.0 = Release|ARM64
		{BE9513B6-786D-4131-B522-087111776C28}.Release|x64.ActiveCfg = Release|x64
		{BE9513B6-786D-4131-B522-087111776C28}.Release|x64.Build.0 = Release|x64
		{BE9513B6-786D-4131-B522-087111776C28}.Release|x86.ActiveCfg = Release|x86
		{BE9513B6-786D-4131-B522-087111776C28}.Release|x86.Build.0 = Release|x86
		{187D6155-5B25-416B-B84D-C02D30551566}.Debug|Any CPU.ActiveCfg = Debug|Any CPU
		{187D6155-5B25-416B-B84D-C02D30551566}.Debug|Any CPU.Build.0 = Debug|Any CPU
		{187D6155-5B25-416B-B84D-C02D30551566}.Debug|ARM.ActiveCfg = Debug|Any CPU
		{187D6155-5B25-416B-B84D-C02D30551566}.Debug|ARM.Build.0 = Debug|Any CPU
		{187D6155-5B25-416B-B84D-C02D30551566}.Debug|arm64.ActiveCfg = Debug|Any CPU
		{187D6155-5B25-416B-B84D-C02D30551566}.Debug|arm64.Build.0 = Debug|Any CPU
		{187D6155-5B25-416B-B84D-C02D30551566}.Debug|x64.ActiveCfg = Debug|Any CPU
		{187D6155-5B25-416B-B84D-C02D30551566}.Debug|x64.Build.0 = Debug|Any CPU
		{187D6155-5B25-416B-B84D-C02D30551566}.Debug|x86.ActiveCfg = Debug|Any CPU
		{187D6155-5B25-416B-B84D-C02D30551566}.Debug|x86.Build.0 = Debug|Any CPU
		{187D6155-5B25-416B-B84D-C02D30551566}.Release|Any CPU.ActiveCfg = Release|Any CPU
		{187D6155-5B25-416B-B84D-C02D30551566}.Release|Any CPU.Build.0 = Release|Any CPU
		{187D6155-5B25-416B-B84D-C02D30551566}.Release|ARM.ActiveCfg = Release|Any CPU
		{187D6155-5B25-416B-B84D-C02D30551566}.Release|ARM.Build.0 = Release|Any CPU
		{187D6155-5B25-416B-B84D-C02D30551566}.Release|arm64.ActiveCfg = Release|Any CPU
		{187D6155-5B25-416B-B84D-C02D30551566}.Release|arm64.Build.0 = Release|Any CPU
		{187D6155-5B25-416B-B84D-C02D30551566}.Release|x64.ActiveCfg = Release|Any CPU
		{187D6155-5B25-416B-B84D-C02D30551566}.Release|x64.Build.0 = Release|Any CPU
		{187D6155-5B25-416B-B84D-C02D30551566}.Release|x86.ActiveCfg = Release|Any CPU
		{187D6155-5B25-416B-B84D-C02D30551566}.Release|x86.Build.0 = Release|Any CPU
		{1DBC888B-89B5-41B8-96A1-C23205674EC0}.Debug|Any CPU.ActiveCfg = Debug|x86
		{1DBC888B-89B5-41B8-96A1-C23205674EC0}.Debug|ARM.ActiveCfg = Debug|ARM
		{1DBC888B-89B5-41B8-96A1-C23205674EC0}.Debug|ARM.Build.0 = Debug|ARM
		{1DBC888B-89B5-41B8-96A1-C23205674EC0}.Debug|ARM.Deploy.0 = Debug|ARM
		{1DBC888B-89B5-41B8-96A1-C23205674EC0}.Debug|arm64.ActiveCfg = Debug|ARM64
		{1DBC888B-89B5-41B8-96A1-C23205674EC0}.Debug|arm64.Build.0 = Debug|ARM64
		{1DBC888B-89B5-41B8-96A1-C23205674EC0}.Debug|arm64.Deploy.0 = Debug|ARM64
		{1DBC888B-89B5-41B8-96A1-C23205674EC0}.Debug|x64.ActiveCfg = Debug|x64
		{1DBC888B-89B5-41B8-96A1-C23205674EC0}.Debug|x64.Build.0 = Debug|x64
		{1DBC888B-89B5-41B8-96A1-C23205674EC0}.Debug|x64.Deploy.0 = Debug|x64
		{1DBC888B-89B5-41B8-96A1-C23205674EC0}.Debug|x86.ActiveCfg = Debug|x86
		{1DBC888B-89B5-41B8-96A1-C23205674EC0}.Debug|x86.Build.0 = Debug|x86
		{1DBC888B-89B5-41B8-96A1-C23205674EC0}.Debug|x86.Deploy.0 = Debug|x86
		{1DBC888B-89B5-41B8-96A1-C23205674EC0}.Release|Any CPU.ActiveCfg = Release|x86
		{1DBC888B-89B5-41B8-96A1-C23205674EC0}.Release|ARM.ActiveCfg = Release|ARM
		{1DBC888B-89B5-41B8-96A1-C23205674EC0}.Release|ARM.Build.0 = Release|ARM
		{1DBC888B-89B5-41B8-96A1-C23205674EC0}.Release|ARM.Deploy.0 = Release|ARM
		{1DBC888B-89B5-41B8-96A1-C23205674EC0}.Release|arm64.ActiveCfg = Release|ARM64
		{1DBC888B-89B5-41B8-96A1-C23205674EC0}.Release|arm64.Build.0 = Release|ARM64
		{1DBC888B-89B5-41B8-96A1-C23205674EC0}.Release|arm64.Deploy.0 = Release|ARM64
		{1DBC888B-89B5-41B8-96A1-C23205674EC0}.Release|x64.ActiveCfg = Release|x64
		{1DBC888B-89B5-41B8-96A1-C23205674EC0}.Release|x64.Build.0 = Release|x64
		{1DBC888B-89B5-41B8-96A1-C23205674EC0}.Release|x64.Deploy.0 = Release|x64
		{1DBC888B-89B5-41B8-96A1-C23205674EC0}.Release|x86.ActiveCfg = Release|x86
		{1DBC888B-89B5-41B8-96A1-C23205674EC0}.Release|x86.Build.0 = Release|x86
		{1DBC888B-89B5-41B8-96A1-C23205674EC0}.Release|x86.Deploy.0 = Release|x86
	EndGlobalSection
	GlobalSection(SolutionProperties) = preSolution
		HideSolutionNode = FALSE
	EndGlobalSection
	GlobalSection(ExtensibilityGlobals) = postSolution
		SolutionGuid = {921ABE38-4FDB-40BE-9CFD-FFB9459CEBBA}
	EndGlobalSection
EndGlobal
